
Microsoft Visual Studio Solution File, Format Version 12.00
Project("{FAE04EC0-301F-11D3-BF4B-00C04F79EFBC}") = "WebApi", "WebApi\WebApi.csproj", "{D9A9B222-6790-4EAA-8D1D-38E074E933E8}"
EndProject
Project("{FAE04EC0-301F-11D3-BF4B-00C04F79EFBC}") = "DataServerApi", "DataServerApi\DataServerApi.csproj", "{7B44C8F9-122F-405E-9304-F7B96B54A379}"
EndProject
Global
	GlobalSection(SolutionConfigurationPlatforms) = preSolution
		Debug|Any CPU = Debug|Any CPU
		Release|Any CPU = Release|Any CPU
	EndGlobalSection
	GlobalSection(ProjectConfigurationPlatforms) = postSolution
		{D9A9B222-6790-4EAA-8D1D-38E074E933E8}.Debug|Any CPU.ActiveCfg = Debug|Any CPU
		{D9A9B222-6790-4EAA-8D1D-38E074E933E8}.Debug|Any CPU.Build.0 = Debug|Any CPU
		{D9A9B222-6790-4EAA-8D1D-38E074E933E8}.Release|Any CPU.ActiveCfg = Release|Any CPU
		{D9A9B222-6790-4EAA-8D1D-38E074E933E8}.Release|Any CPU.Build.0 = Release|Any CPU
		{7B44C8F9-122F-405E-9304-F7B96B54A379}.Debug|Any CPU.ActiveCfg = Debug|Any CPU
		{7B44C8F9-122F-405E-9304-F7B96B54A379}.Debug|Any CPU.Build.0 = Debug|Any CPU
		{7B44C8F9-122F-405E-9304-F7B96B54A379}.Release|Any CPU.ActiveCfg = Release|Any CPU
		{7B44C8F9-122F-405E-9304-F7B96B54A379}.Release|Any CPU.Build.0 = Release|Any CPU
	EndGlobalSection
EndGlobal
